
Microsoft Visual Studio Solution File, Format Version 12.00
# Visual Studio Version 16
VisualStudioVersion = 16.0.29009.5
MinimumVisualStudioVersion = 10.0.40219.1
Project("{FAE04EC0-301F-11D3-BF4B-00C04F79EFBC}") = "TestTask01", "TestTask01\TestTask01.csproj", "{78D141E0-E812-4916-A59B-DCE05536EC54}"
EndProject
Global
	GlobalSection(SolutionConfigurationPlatforms) = preSolution
		Debug|Any CPU = Debug|Any CPU
		Release|Any CPU = Release|Any CPU
	EndGlobalSection
	GlobalSection(ProjectConfigurationPlatforms) = postSolution
		{78D141E0-E812-4916-A59B-DCE05536EC54}.Debug|Any CPU.ActiveCfg = Debug|Any CPU
		{78D141E0-E812-4916-A59B-DCE05536EC54}.Debug|Any CPU.Build.0 = Debug|Any CPU
		{78D141E0-E812-4916-A59B-DCE05536EC54}.Release|Any CPU.ActiveCfg = Release|Any CPU
		{78D141E0-E812-4916-A59B-DCE05536EC54}.Release|Any CPU.Build.0 = Release|Any CPU
	EndGlobalSection
	GlobalSection(SolutionProperties) = preSolution
		HideSolutionNode = FALSE
	EndGlobalSection
	GlobalSection(ExtensibilityGlobals) = postSolution
		SolutionGuid = {B2A02076-8D52-4399-8964-BC22B2784912}
	EndGlobalSection
EndGlobal
